
Microsoft Visual Studio Solution File, Format Version 12.00
# Visual Studio Version 16
VisualStudioVersion = 16.0.30114.105
MinimumVisualStudioVersion = 10.0.40219.1
Project("{FAE04EC0-301F-11D3-BF4B-00C04F79EFBC}") = "module5-5Web", "module5-5Web\module5-5Web.csproj", "{419F8BE4-0CAE-4692-B383-10BA5AD88FEE}"
EndProject
Global
	GlobalSection(SolutionConfigurationPlatforms) = preSolution
		Debug|Any CPU = Debug|Any CPU
		Release|Any CPU = Release|Any CPU
	EndGlobalSection
	GlobalSection(ProjectConfigurationPlatforms) = postSolution
		{419F8BE4-0CAE-4692-B383-10BA5AD88FEE}.Debug|Any CPU.ActiveCfg = Debug|Any CPU
		{419F8BE4-0CAE-4692-B383-10BA5AD88FEE}.Debug|Any CPU.Build.0 = Debug|Any CPU
		{419F8BE4-0CAE-4692-B383-10BA5AD88FEE}.Release|Any CPU.ActiveCfg = Release|Any CPU
		{419F8BE4-0CAE-4692-B383-10BA5AD88FEE}.Release|Any CPU.Build.0 = Release|Any CPU
	EndGlobalSection
	GlobalSection(SolutionProperties) = preSolution
		HideSolutionNode = FALSE
	EndGlobalSection
	GlobalSection(ExtensibilityGlobals) = postSolution
		SolutionGuid = {F5C8E000-C74E-487F-A9B5-8E1F48B7B4AC}
	EndGlobalSection
EndGlobal
